
Microsoft Visual Studio Solution File, Format Version 12.00
# Visual Studio 15
VisualStudioVersion = 15.0.28307.329
MinimumVisualStudioVersion = 10.0.40219.1
Project("{FAE04EC0-301F-11D3-BF4B-00C04F79EFBC}") = "Number-Base", "Number-Base\Number-Base.csproj", "{8C36EF42-73C2-45C9-AE5D-8BF0A9D5F8C0}"
EndProject
Global
	GlobalSection(SolutionConfigurationPlatforms) = preSolution
		Debug|Any CPU = Debug|Any CPU
		Release|Any CPU = Release|Any CPU
	EndGlobalSection
	GlobalSection(ProjectConfigurationPlatforms) = postSolution
		{8C36EF42-73C2-45C9-AE5D-8BF0A9D5F8C0}.Debug|Any CPU.ActiveCfg = Debug|Any CPU
		{8C36EF42-73C2-45C9-AE5D-8BF0A9D5F8C0}.Debug|Any CPU.Build.0 = Debug|Any CPU
		{8C36EF42-73C2-45C9-AE5D-8BF0A9D5F8C0}.Release|Any CPU.ActiveCfg = Release|Any CPU
		{8C36EF42-73C2-45C9-AE5D-8BF0A9D5F8C0}.Release|Any CPU.Build.0 = Release|Any CPU
	EndGlobalSection
	GlobalSection(SolutionProperties) = preSolution
		HideSolutionNode = FALSE
	EndGlobalSection
	GlobalSection(ExtensibilityGlobals) = postSolution
		SolutionGuid = {7898D01E-0F0C-4FFD-9CCB-AD9B6878CE27}
	EndGlobalSection
EndGlobal
